
Microsoft Visual Studio Solution File, Format Version 12.00
# Visual Studio Version 17
VisualStudioVersion = 17.6.33815.320
MinimumVisualStudioVersion = 10.0.40219.1
Project("{FAE04EC0-301F-11D3-BF4B-00C04F79EFBC}") = "UZIP2", "UZIP2\UZIP2.csproj", "{6ED2625A-583E-4552-B86D-1A56D4434042}"
EndProject
Global
	GlobalSection(SolutionConfigurationPlatforms) = preSolution
		Debug|Any CPU = Debug|Any CPU
		Release|Any CPU = Release|Any CPU
	EndGlobalSection
	GlobalSection(ProjectConfigurationPlatforms) = postSolution
		{6ED2625A-583E-4552-B86D-1A56D4434042}.Debug|Any CPU.ActiveCfg = Debug|Any CPU
		{6ED2625A-583E-4552-B86D-1A56D4434042}.Debug|Any CPU.Build.0 = Debug|Any CPU
		{6ED2625A-583E-4552-B86D-1A56D4434042}.Release|Any CPU.ActiveCfg = Release|Any CPU
		{6ED2625A-583E-4552-B86D-1A56D4434042}.Release|Any CPU.Build.0 = Release|Any CPU
	EndGlobalSection
	GlobalSection(SolutionProperties) = preSolution
		HideSolutionNode = FALSE
	EndGlobalSection
	GlobalSection(ExtensibilityGlobals) = postSolution
		SolutionGuid = {C5A82105-0686-4FD3-8202-7134F7DEBAA4}
	EndGlobalSection
EndGlobal
